// !$*UTF8*$!
{
	archiveVersion = 1;
	classes = {
	};
	objectVersion = 50;
	objects = {

/* Begin PBXBuildFile section */
		30011DB32285F1B1005F906E /* transform.cpp in Sources */ = {isa = PBXBuildFile; fileRef = 30011DB12285F1B1005F906E /* transform.cpp */; };
		30011DB62285F408005F906E /* view.cpp in Sources */ = {isa = PBXBuildFile; fileRef = 30011DB42285F408005F906E /* view.cpp */; };
		3003F7F4228356F9000AA736 /* noiseVisualizer.cpp in Sources */ = {isa = PBXBuildFile; fileRef = 3003F7F2228356F9000AA736 /* noiseVisualizer.cpp */; };
		301017CB228DED9C00070DCF /* timeUtils.cpp in Sources */ = {isa = PBXBuildFile; fileRef = 301017C9228DED9C00070DCF /* timeUtils.cpp */; };
		3068FFFE2280B712003611A0 /* grid.cpp in Sources */ = {isa = PBXBuildFile; fileRef = 3068FFFC2280B712003611A0 /* grid.cpp */; };
		306A98F2227CC04F0018DF21 /* main.cpp in Sources */ = {isa = PBXBuildFile; fileRef = 306A98F1227CC04F0018DF21 /* main.cpp */; };
		306DE6B122849DF900B2C1F2 /* gameObject.cpp in Sources */ = {isa = PBXBuildFile; fileRef = 306DE6AF22849DF800B2C1F2 /* gameObject.cpp */; };
		30969E4D2295DA7700D91F2F /* dialogueBox.cpp in Sources */ = {isa = PBXBuildFile; fileRef = 30969E4B2295DA7700D91F2F /* dialogueBox.cpp */; };
		30969E4F2295E38000D91F2F /* SDL2_ttf.framework in Frameworks */ = {isa = PBXBuildFile; fileRef = 30969E4E2295E38000D91F2F /* SDL2_ttf.framework */; };
		30A03328228214BC004442C5 /* perlinNoise.cpp in Sources */ = {isa = PBXBuildFile; fileRef = 30A03326228214BC004442C5 /* perlinNoise.cpp */; };
		30D9E232227CC50600D94335 /* SDL2.framework in Frameworks */ = {isa = PBXBuildFile; fileRef = 30D9E231227CC50600D94335 /* SDL2.framework */; };
		30DAED66227F34190022B83F /* spriteSheet.cpp in Sources */ = {isa = PBXBuildFile; fileRef = 30DAED64227F34190022B83F /* spriteSheet.cpp */; };
		30DAED6A227F778B0022B83F /* textureUnpacker.cpp in Sources */ = {isa = PBXBuildFile; fileRef = 30DAED68227F778B0022B83F /* textureUnpacker.cpp */; };
		30FE463F227D9BF7008E7E29 /* primitives.cpp in Sources */ = {isa = PBXBuildFile; fileRef = 30FE463D227D9BF7008E7E29 /* primitives.cpp */; };
		30FE4641227DC974008E7E29 /* SDL2_image.framework in Frameworks */ = {isa = PBXBuildFile; fileRef = 30FE4640227DC974008E7E29 /* SDL2_image.framework */; };
		30FF3E2D22932BF300CBB8AB /* characterManager.cpp in Sources */ = {isa = PBXBuildFile; fileRef = 30FF3E2B22932BF300CBB8AB /* characterManager.cpp */; };
/* End PBXBuildFile section */

/* Begin PBXCopyFilesBuildPhase section */
		306A98EC227CC04F0018DF21 /* CopyFiles */ = {
			isa = PBXCopyFilesBuildPhase;
			buildActionMask = 2147483647;
			dstPath = /usr/share/man/man1/;
			dstSubfolderSpec = 0;
			files = (
			);
			runOnlyForDeploymentPostprocessing = 1;
		};
/* End PBXCopyFilesBuildPhase section */

/* Begin PBXFileReference section */
		30011DB12285F1B1005F906E /* transform.cpp */ = {isa = PBXFileReference; lastKnownFileType = sourcecode.cpp.cpp; path = transform.cpp; sourceTree = "<group>"; };
		30011DB22285F1B1005F906E /* transform.hpp */ = {isa = PBXFileReference; lastKnownFileType = sourcecode.cpp.h; path = transform.hpp; sourceTree = "<group>"; };
		30011DB42285F408005F906E /* view.cpp */ = {isa = PBXFileReference; lastKnownFileType = sourcecode.cpp.cpp; path = view.cpp; sourceTree = "<group>"; };
		30011DB52285F408005F906E /* view.hpp */ = {isa = PBXFileReference; lastKnownFileType = sourcecode.cpp.h; path = view.hpp; sourceTree = "<group>"; };
		3003F7F2228356F9000AA736 /* noiseVisualizer.cpp */ = {isa = PBXFileReference; lastKnownFileType = sourcecode.cpp.cpp; path = noiseVisualizer.cpp; sourceTree = "<group>"; };
		3003F7F3228356F9000AA736 /* noiseVisualizer.hpp */ = {isa = PBXFileReference; lastKnownFileType = sourcecode.cpp.h; path = noiseVisualizer.hpp; sourceTree = "<group>"; };
		301017C9228DED9C00070DCF /* timeUtils.cpp */ = {isa = PBXFileReference; lastKnownFileType = sourcecode.cpp.cpp; path = timeUtils.cpp; sourceTree = "<group>"; };
		301017CA228DED9C00070DCF /* timeUtils.hpp */ = {isa = PBXFileReference; lastKnownFileType = sourcecode.cpp.h; path = timeUtils.hpp; sourceTree = "<group>"; };
		3068FFFC2280B712003611A0 /* grid.cpp */ = {isa = PBXFileReference; lastKnownFileType = sourcecode.cpp.cpp; path = grid.cpp; sourceTree = "<group>"; };
		3068FFFD2280B712003611A0 /* grid.hpp */ = {isa = PBXFileReference; lastKnownFileType = sourcecode.cpp.h; path = grid.hpp; sourceTree = "<group>"; };
		306A98EE227CC04F0018DF21 /* sdl_cpp_rpg_basic */ = {isa = PBXFileReference; explicitFileType = "compiled.mach-o.executable"; includeInIndex = 0; path = sdl_cpp_rpg_basic; sourceTree = BUILT_PRODUCTS_DIR; };
		306A98F1227CC04F0018DF21 /* main.cpp */ = {isa = PBXFileReference; lastKnownFileType = sourcecode.cpp.cpp; path = main.cpp; sourceTree = "<group>"; usesTabs = 1; };
		306DE6AF22849DF800B2C1F2 /* gameObject.cpp */ = {isa = PBXFileReference; lastKnownFileType = sourcecode.cpp.cpp; path = gameObject.cpp; sourceTree = "<group>"; };
		306DE6B022849DF900B2C1F2 /* gameObject.hpp */ = {isa = PBXFileReference; lastKnownFileType = sourcecode.cpp.h; path = gameObject.hpp; sourceTree = "<group>"; };
		30969E4B2295DA7700D91F2F /* dialogueBox.cpp */ = {isa = PBXFileReference; lastKnownFileType = sourcecode.cpp.cpp; path = dialogueBox.cpp; sourceTree = "<group>"; };
		30969E4C2295DA7700D91F2F /* dialogueBox.hpp */ = {isa = PBXFileReference; lastKnownFileType = sourcecode.cpp.h; path = dialogueBox.hpp; sourceTree = "<group>"; };
		30969E4E2295E38000D91F2F /* SDL2_ttf.framework */ = {isa = PBXFileReference; lastKnownFileType = wrapper.framework; name = SDL2_ttf.framework; path = ../../../../Library/Frameworks/SDL2_ttf.framework; sourceTree = "<group>"; };
		30A03326228214BC004442C5 /* perlinNoise.cpp */ = {isa = PBXFileReference; lastKnownFileType = sourcecode.cpp.cpp; path = perlinNoise.cpp; sourceTree = "<group>"; };
		30A03327228214BC004442C5 /* perlinNoise.hpp */ = {isa = PBXFileReference; lastKnownFileType = sourcecode.cpp.h; path = perlinNoise.hpp; sourceTree = "<group>"; };
		30D9E231227CC50600D94335 /* SDL2.framework */ = {isa = PBXFileReference; lastKnownFileType = wrapper.framework; name = SDL2.framework; path = ../../../../Library/Frameworks/SDL2.framework; sourceTree = "<group>"; };
		30DAED64227F34190022B83F /* spriteSheet.cpp */ = {isa = PBXFileReference; lastKnownFileType = sourcecode.cpp.cpp; path = spriteSheet.cpp; sourceTree = "<group>"; };
		30DAED65227F34190022B83F /* spriteSheet.hpp */ = {isa = PBXFileReference; lastKnownFileType = sourcecode.cpp.h; path = spriteSheet.hpp; sourceTree = "<group>"; };
		30DAED68227F778B0022B83F /* textureUnpacker.cpp */ = {isa = PBXFileReference; lastKnownFileType = sourcecode.cpp.cpp; path = textureUnpacker.cpp; sourceTree = "<group>"; };
		30DAED69227F778B0022B83F /* textureUnpacker.hpp */ = {isa = PBXFileReference; lastKnownFileType = sourcecode.cpp.h; path = textureUnpacker.hpp; sourceTree = "<group>"; };
		30FE463D227D9BF7008E7E29 /* primitives.cpp */ = {isa = PBXFileReference; lastKnownFileType = sourcecode.cpp.cpp; path = primitives.cpp; sourceTree = "<group>"; };
		30FE463E227D9BF7008E7E29 /* primitives.hpp */ = {isa = PBXFileReference; lastKnownFileType = sourcecode.cpp.h; path = primitives.hpp; sourceTree = "<group>"; };
		30FE4640227DC974008E7E29 /* SDL2_image.framework */ = {isa = PBXFileReference; lastKnownFileType = wrapper.framework; name = SDL2_image.framework; path = ../../../../Library/Frameworks/SDL2_image.framework; sourceTree = "<group>"; };
		30FF3E2B22932BF300CBB8AB /* characterManager.cpp */ = {isa = PBXFileReference; lastKnownFileType = sourcecode.cpp.cpp; path = characterManager.cpp; sourceTree = "<group>"; };
		30FF3E2C22932BF300CBB8AB /* characterManager.hpp */ = {isa = PBXFileReference; lastKnownFileType = sourcecode.cpp.h; path = characterManager.hpp; sourceTree = "<group>"; };
/* End PBXFileReference section */

/* Begin PBXFrameworksBuildPhase section */
		306A98EB227CC04F0018DF21 /* Frameworks */ = {
			isa = PBXFrameworksBuildPhase;
			buildActionMask = 2147483647;
			files = (
				30969E4F2295E38000D91F2F /* SDL2_ttf.framework in Frameworks */,
				30FE4641227DC974008E7E29 /* SDL2_image.framework in Frameworks */,
				30D9E232227CC50600D94335 /* SDL2.framework in Frameworks */,
			);
			runOnlyForDeploymentPostprocessing = 0;
		};
/* End PBXFrameworksBuildPhase section */

/* Begin PBXGroup section */
		3068FFFB2280B701003611A0 /* grid */ = {
			isa = PBXGroup;
			children = (
				3068FFFC2280B712003611A0 /* grid.cpp */,
				3068FFFD2280B712003611A0 /* grid.hpp */,
				30A03326228214BC004442C5 /* perlinNoise.cpp */,
				30A03327228214BC004442C5 /* perlinNoise.hpp */,
				3003F7F2228356F9000AA736 /* noiseVisualizer.cpp */,
				3003F7F3228356F9000AA736 /* noiseVisualizer.hpp */,
			);
			path = grid;
			sourceTree = "<group>";
		};
		306A98E5227CC04F0018DF21 = {
			isa = PBXGroup;
			children = (
				306A98F0227CC04F0018DF21 /* sdl_cpp_rpg_basic */,
				306A98EF227CC04F0018DF21 /* Products */,
				30D9E230227CC50500D94335 /* Frameworks */,
			);
			sourceTree = "<group>";
			usesTabs = 1;
			wrapsLines = 0;
		};
		306A98EF227CC04F0018DF21 /* Products */ = {
			isa = PBXGroup;
			children = (
				306A98EE227CC04F0018DF21 /* sdl_cpp_rpg_basic */,
			);
			name = Products;
			sourceTree = "<group>";
		};
		306A98F0227CC04F0018DF21 /* sdl_cpp_rpg_basic */ = {
			isa = PBXGroup;
			children = (
				30969E4A2295D9EA00D91F2F /* ui */,
				30FF3E2A22932BDE00CBB8AB /* character */,
				306DE6AE22849DE100B2C1F2 /* gameObject */,
				3068FFFB2280B701003611A0 /* grid */,
				30DAED67227F774E0022B83F /* utils */,
				30FE463C227D9BA7008E7E29 /* primitives */,
				306A98F1227CC04F0018DF21 /* main.cpp */,
			);
			path = sdl_cpp_rpg_basic;
			sourceTree = "<group>";
		};
		306DE6AE22849DE100B2C1F2 /* gameObject */ = {
			isa = PBXGroup;
			children = (
				306DE6AF22849DF800B2C1F2 /* gameObject.cpp */,
				306DE6B022849DF900B2C1F2 /* gameObject.hpp */,
				30011DB12285F1B1005F906E /* transform.cpp */,
				30011DB22285F1B1005F906E /* transform.hpp */,
				30011DB42285F408005F906E /* view.cpp */,
				30011DB52285F408005F906E /* view.hpp */,
			);
			path = gameObject;
			sourceTree = "<group>";
		};
		30969E4A2295D9EA00D91F2F /* ui */ = {
			isa = PBXGroup;
			children = (
				30969E4B2295DA7700D91F2F /* dialogueBox.cpp */,
				30969E4C2295DA7700D91F2F /* dialogueBox.hpp */,
			);
			path = ui;
			sourceTree = "<group>";
		};
		30D9E230227CC50500D94335 /* Frameworks */ = {
			isa = PBXGroup;
			children = (
				30969E4E2295E38000D91F2F /* SDL2_ttf.framework */,
				30FE4640227DC974008E7E29 /* SDL2_image.framework */,
				30D9E231227CC50600D94335 /* SDL2.framework */,
			);
			name = Frameworks;
			sourceTree = "<group>";
		};
		30DAED67227F774E0022B83F /* utils */ = {
			isa = PBXGroup;
			children = (
				30DAED68227F778B0022B83F /* textureUnpacker.cpp */,
				30DAED69227F778B0022B83F /* textureUnpacker.hpp */,
				301017C9228DED9C00070DCF /* timeUtils.cpp */,
				301017CA228DED9C00070DCF /* timeUtils.hpp */,
			);
			path = utils;
			sourceTree = "<group>";
		};
		30FE463C227D9BA7008E7E29 /* primitives */ = {
			isa = PBXGroup;
			children = (
				30FE463D227D9BF7008E7E29 /* primitives.cpp */,
				30FE463E227D9BF7008E7E29 /* primitives.hpp */,
				30DAED64227F34190022B83F /* spriteSheet.cpp */,
				30DAED65227F34190022B83F /* spriteSheet.hpp */,
			);
			path = primitives;
			sourceTree = "<group>";
		};
		30FF3E2A22932BDE00CBB8AB /* character */ = {
			isa = PBXGroup;
			children = (
				30FF3E2B22932BF300CBB8AB /* characterManager.cpp */,
				30FF3E2C22932BF300CBB8AB /* characterManager.hpp */,
			);
			path = character;
			sourceTree = "<group>";
		};
/* End PBXGroup section */

/* Begin PBXNativeTarget section */
		306A98ED227CC04F0018DF21 /* sdl_cpp_rpg_basic */ = {
			isa = PBXNativeTarget;
			buildConfigurationList = 306A98F5227CC04F0018DF21 /* Build configuration list for PBXNativeTarget "sdl_cpp_rpg_basic" */;
			buildPhases = (
				306A98EA227CC04F0018DF21 /* Sources */,
				306A98EB227CC04F0018DF21 /* Frameworks */,
				306A98EC227CC04F0018DF21 /* CopyFiles */,
			);
			buildRules = (
			);
			dependencies = (
			);
			name = sdl_cpp_rpg_basic;
			productName = sdl_cpp_rpg_basic;
			productReference = 306A98EE227CC04F0018DF21 /* sdl_cpp_rpg_basic */;
			productType = "com.apple.product-type.tool";
		};
/* End PBXNativeTarget section */

/* Begin PBXProject section */
		306A98E6227CC04F0018DF21 /* Project object */ = {
			isa = PBXProject;
			attributes = {
				LastUpgradeCheck = 1020;
				ORGANIZATIONNAME = zehreken;
				TargetAttributes = {
					306A98ED227CC04F0018DF21 = {
						CreatedOnToolsVersion = 10.2;
					};
				};
			};
			buildConfigurationList = 306A98E9227CC04F0018DF21 /* Build configuration list for PBXProject "sdl_cpp_rpg_basic" */;
			compatibilityVersion = "Xcode 9.3";
			developmentRegion = en;
			hasScannedForEncodings = 0;
			knownRegions = (
				en,
			);
			mainGroup = 306A98E5227CC04F0018DF21;
			productRefGroup = 306A98EF227CC04F0018DF21 /* Products */;
			projectDirPath = "";
			projectRoot = "";
			targets = (
				306A98ED227CC04F0018DF21 /* sdl_cpp_rpg_basic */,
			);
		};
/* End PBXProject section */

/* Begin PBXSourcesBuildPhase section */
		306A98EA227CC04F0018DF21 /* Sources */ = {
			isa = PBXSourcesBuildPhase;
			buildActionMask = 2147483647;
			files = (
				306DE6B122849DF900B2C1F2 /* gameObject.cpp in Sources */,
				306A98F2227CC04F0018DF21 /* main.cpp in Sources */,
				30011DB32285F1B1005F906E /* transform.cpp in Sources */,
				30DAED66227F34190022B83F /* spriteSheet.cpp in Sources */,
				301017CB228DED9C00070DCF /* timeUtils.cpp in Sources */,
				30FF3E2D22932BF300CBB8AB /* characterManager.cpp in Sources */,
				30969E4D2295DA7700D91F2F /* dialogueBox.cpp in Sources */,
				3003F7F4228356F9000AA736 /* noiseVisualizer.cpp in Sources */,
				30A03328228214BC004442C5 /* perlinNoise.cpp in Sources */,
				30DAED6A227F778B0022B83F /* textureUnpacker.cpp in Sources */,
				3068FFFE2280B712003611A0 /* grid.cpp in Sources */,
				30011DB62285F408005F906E /* view.cpp in Sources */,
				30FE463F227D9BF7008E7E29 /* primitives.cpp in Sources */,
			);
			runOnlyForDeploymentPostprocessing = 0;
		};
/* End PBXSourcesBuildPhase section */

/* Begin XCBuildConfiguration section */
		306A98F3227CC04F0018DF21 /* Debug */ = {
			isa = XCBuildConfiguration;
			buildSettings = {
				ALWAYS_SEARCH_USER_PATHS = NO;
				CLANG_ANALYZER_NONNULL = YES;
				CLANG_ANALYZER_NUMBER_OBJECT_CONVERSION = YES_AGGRESSIVE;
				CLANG_CXX_LANGUAGE_STANDARD = "gnu++14";
				CLANG_CXX_LIBRARY = "libc++";
				CLANG_ENABLE_MODULES = YES;
				CLANG_ENABLE_OBJC_ARC = YES;
				CLANG_ENABLE_OBJC_WEAK = YES;
				CLANG_WARN_BLOCK_CAPTURE_AUTORELEASING = YES;
				CLANG_WARN_BOOL_CONVERSION = YES;
				CLANG_WARN_COMMA = YES;
				CLANG_WARN_CONSTANT_CONVERSION = YES;
				CLANG_WARN_DEPRECATED_OBJC_IMPLEMENTATIONS = YES;
				CLANG_WARN_DIRECT_OBJC_ISA_USAGE = YES_ERROR;
				CLANG_WARN_DOCUMENTATION_COMMENTS = YES;
				CLANG_WARN_EMPTY_BODY = YES;
				CLANG_WARN_ENUM_CONVERSION = YES;
				CLANG_WARN_INFINITE_RECURSION = YES;
				CLANG_WARN_INT_CONVERSION = YES;
				CLANG_WARN_NON_LITERAL_NULL_CONVERSION = YES;
				CLANG_WARN_OBJC_IMPLICIT_RETAIN_SELF = YES;
				CLANG_WARN_OBJC_LITERAL_CONVERSION = YES;
				CLANG_WARN_OBJC_ROOT_CLASS = YES_ERROR;
				CLANG_WARN_RANGE_LOOP_ANALYSIS = YES;
				CLANG_WARN_STRICT_PROTOTYPES = YES;
				CLANG_WARN_SUSPICIOUS_MOVE = YES;
				CLANG_WARN_UNGUARDED_AVAILABILITY = YES_AGGRESSIVE;
				CLANG_WARN_UNREACHABLE_CODE = YES;
				CLANG_WARN__DUPLICATE_METHOD_MATCH = YES;
				CODE_SIGN_IDENTITY = "-";
				COPY_PHASE_STRIP = NO;
				DEBUG_INFORMATION_FORMAT = dwarf;
				ENABLE_STRICT_OBJC_MSGSEND = YES;
				ENABLE_TESTABILITY = YES;
				GCC_C_LANGUAGE_STANDARD = gnu11;
				GCC_DYNAMIC_NO_PIC = NO;
				GCC_NO_COMMON_BLOCKS = YES;
				GCC_OPTIMIZATION_LEVEL = 0;
				GCC_PREPROCESSOR_DEFINITIONS = (
					"DEBUG=1",
					"$(inherited)",
				);
				GCC_WARN_64_TO_32_BIT_CONVERSION = YES;
				GCC_WARN_ABOUT_RETURN_TYPE = YES_ERROR;
				GCC_WARN_UNDECLARED_SELECTOR = YES;
				GCC_WARN_UNINITIALIZED_AUTOS = YES_AGGRESSIVE;
				GCC_WARN_UNUSED_FUNCTION = YES;
				GCC_WARN_UNUSED_VARIABLE = YES;
				MACOSX_DEPLOYMENT_TARGET = 10.14;
				MTL_ENABLE_DEBUG_INFO = INCLUDE_SOURCE;
				MTL_FAST_MATH = YES;
				ONLY_ACTIVE_ARCH = YES;
				SDKROOT = macosx;
			};
			name = Debug;
		};
		306A98F4227CC04F0018DF21 /* Release */ = {
			isa = XCBuildConfiguration;
			buildSettings = {
				ALWAYS_SEARCH_USER_PATHS = NO;
				CLANG_ANALYZER_NONNULL = YES;
				CLANG_ANALYZER_NUMBER_OBJECT_CONVERSION = YES_AGGRESSIVE;
				CLANG_CXX_LANGUAGE_STANDARD = "gnu++14";
				CLANG_CXX_LIBRARY = "libc++";
				CLANG_ENABLE_MODULES = YES;
				CLANG_ENABLE_OBJC_ARC = YES;
				CLANG_ENABLE_OBJC_WEAK = YES;
				CLANG_WARN_BLOCK_CAPTURE_AUTORELEASING = YES;
				CLANG_WARN_BOOL_CONVERSION = YES;
				CLANG_WARN_COMMA = YES;
				CLANG_WARN_CONSTANT_CONVERSION = YES;
				CLANG_WARN_DEPRECATED_OBJC_IMPLEMENTATIONS = YES;
				CLANG_WARN_DIRECT_OBJC_ISA_USAGE = YES_ERROR;
				CLANG_WARN_DOCUMENTATION_COMMENTS = YES;
				CLANG_WARN_EMPTY_BODY = YES;
				CLANG_WARN_ENUM_CONVERSION = YES;
				CLANG_WARN_INFINITE_RECURSION = YES;
				CLANG_WARN_INT_CONVERSION = YES;
				CLANG_WARN_NON_LITERAL_NULL_CONVERSION = YES;
				CLANG_WARN_OBJC_IMPLICIT_RETAIN_SELF = YES;
				CLANG_WARN_OBJC_LITERAL_CONVERSION = YES;
				CLANG_WARN_OBJC_ROOT_CLASS = YES_ERROR;
				CLANG_WARN_RANGE_LOOP_ANALYSIS = YES;
				CLANG_WARN_STRICT_PROTOTYPES = YES;
				CLANG_WARN_SUSPICIOUS_MOVE = YES;
				CLANG_WARN_UNGUARDED_AVAILABILITY = YES_AGGRESSIVE;
				CLANG_WARN_UNREACHABLE_CODE = YES;
				CLANG_WARN__DUPLICATE_METHOD_MATCH = YES;
				CODE_SIGN_IDENTITY = "-";
				COPY_PHASE_STRIP = NO;
				DEBUG_INFORMATION_FORMAT = "dwarf-with-dsym";
				ENABLE_NS_ASSERTIONS = NO;
				ENABLE_STRICT_OBJC_MSGSEND = YES;
				GCC_C_LANGUAGE_STANDARD = gnu11;
				GCC_NO_COMMON_BLOCKS = YES;
				GCC_WARN_64_TO_32_BIT_CONVERSION = YES;
				GCC_WARN_ABOUT_RETURN_TYPE = YES_ERROR;
				GCC_WARN_UNDECLARED_SELECTOR = YES;
				GCC_WARN_UNINITIALIZED_AUTOS = YES_AGGRESSIVE;
				GCC_WARN_UNUSED_FUNCTION = YES;
				GCC_WARN_UNUSED_VARIABLE = YES;
				MACOSX_DEPLOYMENT_TARGET = 10.14;
				MTL_ENABLE_DEBUG_INFO = NO;
				MTL_FAST_MATH = YES;
				SDKROOT = macosx;
			};
			name = Release;
		};
		306A98F6227CC04F0018DF21 /* Debug */ = {
			isa = XCBuildConfiguration;
			buildSettings = {
				CODE_SIGN_STYLE = Automatic;
				FRAMEWORK_SEARCH_PATHS = (
					"$(inherited)",
					"$(LOCAL_LIBRARY_DIR)/Frameworks",
				);
				PRODUCT_NAME = "$(TARGET_NAME)";
			};
			name = Debug;
		};
		306A98F7227CC04F0018DF21 /* Release */ = {
			isa = XCBuildConfiguration;
			buildSettings = {
				CODE_SIGN_STYLE = Automatic;
				FRAMEWORK_SEARCH_PATHS = (
					"$(inherited)",
					"$(LOCAL_LIBRARY_DIR)/Frameworks",
				);
				PRODUCT_NAME = "$(TARGET_NAME)";
			};
			name = Release;
		};
/* End XCBuildConfiguration section */

/* Begin XCConfigurationList section */
		306A98E9227CC04F0018DF21 /* Build configuration list for PBXProject "sdl_cpp_rpg_basic" */ = {
			isa = XCConfigurationList;
			buildConfigurations = (
				306A98F3227CC04F0018DF21 /* Debug */,
				306A98F4227CC04F0018DF21 /* Release */,
			);
			defaultConfigurationIsVisible = 0;
			defaultConfigurationName = Release;
		};
		306A98F5227CC04F0018DF21 /* Build configuration list for PBXNativeTarget "sdl_cpp_rpg_basic" */ = {
			isa = XCConfigurationList;
			buildConfigurations = (
				306A98F6227CC04F0018DF21 /* Debug */,
				306A98F7227CC04F0018DF21 /* Release */,
			);
			defaultConfigurationIsVisible = 0;
			defaultConfigurationName = Release;
		};
/* End XCConfigurationList section */
	};
	rootObject = 306A98E6227CC04F0018DF21 /* Project object */;
}
